
Microsoft Visual Studio Solution File, Format Version 12.00
# Visual Studio Version 16
VisualStudioVersion = 16.0.34601.136
MinimumVisualStudioVersion = 10.0.40219.1
Project("{FAE04EC0-301F-11D3-BF4B-00C04F79EFBC}") = "PetShelterMVC", "PetShelterMVC.csproj", "{DB943B6C-6640-4444-A0E8-24314ACA864F}"
EndProject
Project("{FAE04EC0-301F-11D3-BF4B-00C04F79EFBC}") = "PetShelter.Shared", "..\PetShelter.Shared\PetShelter.Shared.csproj", "{352FA4D3-4064-46AF-9A6C-5F50710E4B3E}"
EndProject
Project("{FAE04EC0-301F-11D3-BF4B-00C04F79EFBC}") = "PetShelter.Data", "..\PetShelter.Data\PetShelter.Data.csproj", "{07F96B1E-14D0-4ADD-8418-8BDF1578E95E}"
EndProject
Global
	GlobalSection(SolutionConfigurationPlatforms) = preSolution
		Debug|Any CPU = Debug|Any CPU
		Release|Any CPU = Release|Any CPU
	EndGlobalSection
	GlobalSection(ProjectConfigurationPlatforms) = postSolution
		{DB943B6C-6640-4444-A0E8-24314ACA864F}.Debug|Any CPU.ActiveCfg = Debug|Any CPU
		{DB943B6C-6640-4444-A0E8-24314ACA864F}.Debug|Any CPU.Build.0 = Debug|Any CPU
		{DB943B6C-6640-4444-A0E8-24314ACA864F}.Release|Any CPU.ActiveCfg = Release|Any CPU
		{DB943B6C-6640-4444-A0E8-24314ACA864F}.Release|Any CPU.Build.0 = Release|Any CPU
		{352FA4D3-4064-46AF-9A6C-5F50710E4B3E}.Debug|Any CPU.ActiveCfg = Debug|Any CPU
		{352FA4D3-4064-46AF-9A6C-5F50710E4B3E}.Debug|Any CPU.Build.0 = Debug|Any CPU
		{352FA4D3-4064-46AF-9A6C-5F50710E4B3E}.Release|Any CPU.ActiveCfg = Release|Any CPU
		{352FA4D3-4064-46AF-9A6C-5F50710E4B3E}.Release|Any CPU.Build.0 = Release|Any CPU
		{07F96B1E-14D0-4ADD-8418-8BDF1578E95E}.Debug|Any CPU.ActiveCfg = Debug|Any CPU
		{07F96B1E-14D0-4ADD-8418-8BDF1578E95E}.Debug|Any CPU.Build.0 = Debug|Any CPU
		{07F96B1E-14D0-4ADD-8418-8BDF1578E95E}.Release|Any CPU.ActiveCfg = Release|Any CPU
		{07F96B1E-14D0-4ADD-8418-8BDF1578E95E}.Release|Any CPU.Build.0 = Release|Any CPU
	EndGlobalSection
	GlobalSection(SolutionProperties) = preSolution
		HideSolutionNode = FALSE
	EndGlobalSection
	GlobalSection(ExtensibilityGlobals) = postSolution
		SolutionGuid = {65BAE576-13DD-4104-9955-F5A1492C16B9}
	EndGlobalSection
EndGlobal
